github.com/jchv/go-webview2 v0.0.0-20221223143126-dc24628cff85 h1:t6lhRbwURcdWgp8OsJlq6sOfWMOXP21YuiCicjutHv4=
github.com/jchv/go-webview2 v0.0.0-20221223143126-dc24628cff85/go.mod h1:/BNVc0Sw3Wj6Sz9uSxPwhCEUhhWs92hPde75K2YV24A=
github.com/jchv/go-winloader v0.0.0-20200815041850-dec1ee9a7fd5 h1:pdFFlHXY9tZXmJz+tRSm1DzYEH4ebha7cffmm607bMU=
github.com/jchv/go-winloader v0.0.0-20200815041850-dec1ee9a7fd5/go.mod h1:alcuEEnZsY1WQsagKhZDsoPCRoOijYqhZvPwLG0kzVs=
github.com/polevpn/webview v1.0.8 h1:VIZBCvxc8pL8bCwu4n+m3UzxNJsmwEsm93IzY7ktl1Q=
github.com/polevpn/webview v1.0.8/go.mod h1:9j14g07msBXQArZPWkixC0xDjNekxiqqHaMtVyH5MbY=
github.com/webview/webview_go v0.0.0-20240220051247-56f456ca3a43 h1:PwbNdNumoKba+ZgrE6ZpSluJfNJfyMuqwVyUB5+iLDI=
github.com/webview/webview_go v0.0.0-20240220051247-56f456ca3a43/go.mod h1:yE65LFCeWf4kyWD5re+h4XNvOHJEXOCOuJZ4v8l5sgk=
golang.org/x/sys v0.0.0-20200810151505-1b9f1253b3ed/go.mod h1:h1NjWce9XRLGQEsW7wpKNCjG9DtNlClVuFLEZdDNbEs=
golang.org/x/sys v0.0.0-20210218145245-beda7e5e158e h1:f5mksnk+hgXHnImpZoWj64ja99j9zV7YUgrVG95uFE4=
golang.org/x/sys v0.0.0-20210218145245-beda7e5e158e/go.mod h1:h1NjWce9XRLGQEsW7wpKNCjG9DtNlClVuFLEZdDNbEs=
